
Microsoft Visual Studio Solution File, Format Version 9.00
# Visual Studio 2005
Project("{8BC9CEB8-8B4A-11D0-8D11-00A0C91BC942}") = "omPC", "omPC.vcproj", "{1E8941A5-B2D9-4B14-814C-77C0B9AA31FE}"
EndProject
Global
	GlobalSection(RationalClearCase) = preSolution
		SourceControlProvider = RationalClearCase
	EndGlobalSection
	GlobalSection(SolutionConfigurationPlatforms) = preSolution
		Debug|Win32 = Debug|Win32
		Release MinDependency|Win32 = Release MinDependency|Win32
		Release MinSize|Win32 = Release MinSize|Win32
	EndGlobalSection
	GlobalSection(ProjectConfigurationPlatforms) = postSolution
		{1E8941A5-B2D9-4B14-814C-77C0B9AA31FE}.Debug|Win32.ActiveCfg = Debug|Win32
		{1E8941A5-B2D9-4B14-814C-77C0B9AA31FE}.Debug|Win32.Build.0 = Debug|Win32
		{1E8941A5-B2D9-4B14-814C-77C0B9AA31FE}.Release MinDependency|Win32.ActiveCfg = Release MinDependency|Win32
		{1E8941A5-B2D9-4B14-814C-77C0B9AA31FE}.Release MinDependency|Win32.Build.0 = Release MinDependency|Win32
		{1E8941A5-B2D9-4B14-814C-77C0B9AA31FE}.Release MinSize|Win32.ActiveCfg = Release MinSize|Win32
		{1E8941A5-B2D9-4B14-814C-77C0B9AA31FE}.Release MinSize|Win32.Build.0 = Release MinSize|Win32
	EndGlobalSection
	GlobalSection(SolutionProperties) = preSolution
		HideSolutionNode = FALSE
	EndGlobalSection
EndGlobal
