
Microsoft Visual Studio Solution File, Format Version 9.00
# Visual Studio 2005
Project("{8BC9CEB8-8B4A-11D0-8D11-00A0C91BC942}") = "ODIConverter", "ODIConverter.vcproj", "{95D57751-B836-4C1E-B631-37E33FE474F2}"
EndProject
Global
	GlobalSection(RationalClearCase) = preSolution
		SourceControlProvider = RationalClearCase
	EndGlobalSection
	GlobalSection(SolutionConfigurationPlatforms) = preSolution
		Release Unicode MinDependency|Win32 = Release Unicode MinDependency|Win32
		Unicode Debug|Win32 = Unicode Debug|Win32
	EndGlobalSection
	GlobalSection(ProjectConfigurationPlatforms) = postSolution
		{95D57751-B836-4C1E-B631-37E33FE474F2}.Release Unicode MinDependency|Win32.ActiveCfg = Release Unicode MinDependency|Win32
		{95D57751-B836-4C1E-B631-37E33FE474F2}.Release Unicode MinDependency|Win32.Build.0 = Release Unicode MinDependency|Win32
		{95D57751-B836-4C1E-B631-37E33FE474F2}.Unicode Debug|Win32.ActiveCfg = Unicode Debug|Win32
		{95D57751-B836-4C1E-B631-37E33FE474F2}.Unicode Debug|Win32.Build.0 = Unicode Debug|Win32
	EndGlobalSection
	GlobalSection(SolutionProperties) = preSolution
		HideSolutionNode = FALSE
	EndGlobalSection
EndGlobal
