
Microsoft Visual Studio Solution File, Format Version 9.00
# Visual Studio 2005
Project("{FAE04EC0-301F-11D3-BF4B-00C04F79EFBC}") = "PreMigrationConverter", "PreMigrationConverter\PreMigrationConverter.csproj", "{35D4E368-3C83-449D-BB26-BC587D23BCB6}"
EndProject
Global
	GlobalSection(DPCodeReviewSolutionGUID) = preSolution
		DPCodeReviewSolutionGUID = {1A0B649A-C793-45B0-A338-2AE018A06C54}
	EndGlobalSection
	GlobalSection(SolutionConfigurationPlatforms) = preSolution
		Debug|Any CPU = Debug|Any CPU
		Release|Any CPU = Release|Any CPU
	EndGlobalSection
	GlobalSection(ProjectConfigurationPlatforms) = postSolution
		{35D4E368-3C83-449D-BB26-BC587D23BCB6}.Debug|Any CPU.ActiveCfg = Debug|Any CPU
		{35D4E368-3C83-449D-BB26-BC587D23BCB6}.Debug|Any CPU.Build.0 = Debug|Any CPU
		{35D4E368-3C83-449D-BB26-BC587D23BCB6}.Release|Any CPU.ActiveCfg = Release|Any CPU
		{35D4E368-3C83-449D-BB26-BC587D23BCB6}.Release|Any CPU.Build.0 = Release|Any CPU
	EndGlobalSection
	GlobalSection(SolutionProperties) = preSolution
		HideSolutionNode = FALSE
	EndGlobalSection
EndGlobal
