
Microsoft Visual Studio Solution File, Format Version 9.00
# Visual Studio 2005
Project("{FAE04EC0-301F-11D3-BF4B-00C04F79EFBC}") = "MSC.IntegrationService.ConfigService", "MSC.IntegrationService.ConfigService\MSC.IntegrationService.ConfigService.csproj", "{B7918C77-C748-4A32-A09D-400D243DC841}"
EndProject
Project("{FAE04EC0-301F-11D3-BF4B-00C04F79EFBC}") = "ConfigTestHarness", "TestHarness\ConfigTestHarness\ConfigTestHarness.csproj", "{F7FF5FFB-7A4C-4546-8561-FC2D3ED318CD}"
EndProject
Global
	GlobalSection(SolutionConfigurationPlatforms) = preSolution
		Debug|Any CPU = Debug|Any CPU
		Release|Any CPU = Release|Any CPU
	EndGlobalSection
	GlobalSection(ProjectConfigurationPlatforms) = postSolution
		{B7918C77-C748-4A32-A09D-400D243DC841}.Debug|Any CPU.ActiveCfg = Debug|Any CPU
		{B7918C77-C748-4A32-A09D-400D243DC841}.Debug|Any CPU.Build.0 = Debug|Any CPU
		{B7918C77-C748-4A32-A09D-400D243DC841}.Release|Any CPU.ActiveCfg = Release|Any CPU
		{B7918C77-C748-4A32-A09D-400D243DC841}.Release|Any CPU.Build.0 = Release|Any CPU
		{F7FF5FFB-7A4C-4546-8561-FC2D3ED318CD}.Debug|Any CPU.ActiveCfg = Debug|Any CPU
		{F7FF5FFB-7A4C-4546-8561-FC2D3ED318CD}.Debug|Any CPU.Build.0 = Debug|Any CPU
		{F7FF5FFB-7A4C-4546-8561-FC2D3ED318CD}.Release|Any CPU.ActiveCfg = Release|Any CPU
		{F7FF5FFB-7A4C-4546-8561-FC2D3ED318CD}.Release|Any CPU.Build.0 = Release|Any CPU
	EndGlobalSection
	GlobalSection(SolutionProperties) = preSolution
		HideSolutionNode = FALSE
	EndGlobalSection
EndGlobal
